Microsoft Visual Studio Solution File, Format Version 11.00
# Visual Studio 2008

Project("{EEEDC0CC-4C24-59A7-D5BE-B33A6BDC0600}") = "TowerQuest", "Assembly-CSharp.csproj", "{C7F57D0B-FFC8-BB62-A73F-DB76F95FBAE2}"
EndProject
Global
	GlobalSection(SolutionConfigurationPlatforms) = preSolution
		Debug|Any CPU = Debug|Any CPU
		Release|Any CPU = Release|Any CPU
	EndGlobalSection
	GlobalSection(ProjectConfigurationPlatforms) = postSolution
		{C7F57D0B-FFC8-BB62-A73F-DB76F95FBAE2}.Debug|Any CPU.ActiveCfg = Debug|Any CPU
		{C7F57D0B-FFC8-BB62-A73F-DB76F95FBAE2}.Debug|Any CPU.Build.0 = Debug|Any CPU
		{C7F57D0B-FFC8-BB62-A73F-DB76F95FBAE2}.Release|Any CPU.ActiveCfg = Release|Any CPU
		{C7F57D0B-FFC8-BB62-A73F-DB76F95FBAE2}.Release|Any CPU.Build.0 = Release|Any CPU
	EndGlobalSection
	GlobalSection(SolutionProperties) = preSolution
		HideSolutionNode = FALSE
	EndGlobalSection
	GlobalSection(MonoDevelopProperties) = preSolution
		StartupItem = Assembly-CSharp.csproj
	EndGlobalSection
EndGlobal
